
Microsoft Visual Studio Solution File, Format Version 12.00
# Visual Studio Version 17
VisualStudioVersion = 17.14.36616.10 d17.14
MinimumVisualStudioVersion = 10.0.40219.1
Project("{FAE04EC0-301F-11D3-BF4B-00C04F79EFBC}") = "Aviones", "WindowsFormsApp1\Aviones.csproj", "{B177CF74-B1B5-449C-B62F-93D71CC6FEC9}"
EndProject
Global
	GlobalSection(SolutionConfigurationPlatforms) = preSolution
		Debug|Any CPU = Debug|Any CPU
		Release|Any CPU = Release|Any CPU
	EndGlobalSection
	GlobalSection(ProjectConfigurationPlatforms) = postSolution
		{B177CF74-B1B5-449C-B62F-93D71CC6FEC9}.Debug|Any CPU.ActiveCfg = Debug|Any CPU
		{B177CF74-B1B5-449C-B62F-93D71CC6FEC9}.Debug|Any CPU.Build.0 = Debug|Any CPU
		{B177CF74-B1B5-449C-B62F-93D71CC6FEC9}.Release|Any CPU.ActiveCfg = Release|Any CPU
		{B177CF74-B1B5-449C-B62F-93D71CC6FEC9}.Release|Any CPU.Build.0 = Release|Any CPU
	EndGlobalSection
	GlobalSection(SolutionProperties) = preSolution
		HideSolutionNode = FALSE
	EndGlobalSection
	GlobalSection(ExtensibilityGlobals) = postSolution
		SolutionGuid = {E590861D-192D-49A5-BBBB-0C0A53BEAB74}
	EndGlobalSection
EndGlobal
